
Microsoft Visual Studio Solution File, Format Version 12.00
# Visual Studio Version 17
VisualStudioVersion = 17.2.32505.173
MinimumVisualStudioVersion = 10.0.40219.1
Project("{9A19103F-16F7-4668-BE54-9A1E7A4F7556}") = "HelloWorld", "HelloWorld\HelloWorld.csproj", "{66BFB152-0C35-4DD5-8477-1604AFF15411}"
EndProject
Project("{9A19103F-16F7-4668-BE54-9A1E7A4F7556}") = "AbsoluteValue", "AbsoluteValue\AbsoluteValue.csproj", "{2627AE51-59E3-4FB6-BB2B-C5A320BB4601}"
EndProject
Project("{9A19103F-16F7-4668-BE54-9A1E7A4F7556}") = "SingleCouple", "SingleCouple\SingleCouple.csproj", "{E66CE0E5-A87E-4E51-996F-1DE193699322}"
EndProject
Project("{9A19103F-16F7-4668-BE54-9A1E7A4F7556}") = "PrimeNumber", "PrimeNumber\PrimeNumber.csproj", "{7C65FDFC-FD7C-44DF-9677-8F6C11F95BFC}"
EndProject
Project("{9A19103F-16F7-4668-BE54-9A1E7A4F7556}") = "SumTwoNumber", "SumTwoNumber\SumTwoNumber.csproj", "{15B16340-F9BB-4367-AF5D-7B99B3C8F9E6}"
EndProject
Project("{9A19103F-16F7-4668-BE54-9A1E7A4F7556}") = "SumOfDigits", "SumOfDigits\SumOfDigits.csproj", "{8581DA3A-BFDE-448D-BE56-2165D4625D5D}"
EndProject
Project("{9A19103F-16F7-4668-BE54-9A1E7A4F7556}") = "SumOfNumber", "SumOfNumber\SumOfNumber.csproj", "{56C1B715-C5E5-4866-881C-31606C2CE944}"
EndProject
Project("{9A19103F-16F7-4668-BE54-9A1E7A4F7556}") = "CalculationInPolygons", "CalculationInPolygons\CalculationInPolygons.csproj", "{5B13E33C-A8E2-4D89-BC40-77D60A419177}"
EndProject
Project("{9A19103F-16F7-4668-BE54-9A1E7A4F7556}") = "TheMultiplicationTable", "TheMultiplicationTable\TheMultiplicationTable.csproj", "{E205B985-9509-4F8D-8274-53303C87EDE8}"
EndProject
Project("{9A19103F-16F7-4668-BE54-9A1E7A4F7556}") = "Array", "Array\Array.csproj", "{543C5FCB-8A15-4330-8970-440724C7759D}"
EndProject
Project("{FAE04EC0-301F-11D3-BF4B-00C04F79EFBC}") = "Pattern", "Pattern\Pattern.csproj", "{82AACECD-E74A-4CAE-9B93-5F4FC8EF4FF8}"
EndProject
Global
	GlobalSection(SolutionConfigurationPlatforms) = preSolution
		Debug|Any CPU = Debug|Any CPU
		Release|Any CPU = Release|Any CPU
	EndGlobalSection
	GlobalSection(ProjectConfigurationPlatforms) = postSolution
		{66BFB152-0C35-4DD5-8477-1604AFF15411}.Debug|Any CPU.ActiveCfg = Debug|Any CPU
		{66BFB152-0C35-4DD5-8477-1604AFF15411}.Debug|Any CPU.Build.0 = Debug|Any CPU
		{66BFB152-0C35-4DD5-8477-1604AFF15411}.Release|Any CPU.ActiveCfg = Release|Any CPU
		{66BFB152-0C35-4DD5-8477-1604AFF15411}.Release|Any CPU.Build.0 = Release|Any CPU
		{2627AE51-59E3-4FB6-BB2B-C5A320BB4601}.Debug|Any CPU.ActiveCfg = Debug|Any CPU
		{2627AE51-59E3-4FB6-BB2B-C5A320BB4601}.Debug|Any CPU.Build.0 = Debug|Any CPU
		{2627AE51-59E3-4FB6-BB2B-C5A320BB4601}.Release|Any CPU.ActiveCfg = Release|Any CPU
		{2627AE51-59E3-4FB6-BB2B-C5A320BB4601}.Release|Any CPU.Build.0 = Release|Any CPU
		{E66CE0E5-A87E-4E51-996F-1DE193699322}.Debug|Any CPU.ActiveCfg = Debug|Any CPU
		{E66CE0E5-A87E-4E51-996F-1DE193699322}.Debug|Any CPU.Build.0 = Debug|Any CPU
		{E66CE0E5-A87E-4E51-996F-1DE193699322}.Release|Any CPU.ActiveCfg = Release|Any CPU
		{E66CE0E5-A87E-4E51-996F-1DE193699322}.Release|Any CPU.Build.0 = Release|Any CPU
		{7C65FDFC-FD7C-44DF-9677-8F6C11F95BFC}.Debug|Any CPU.ActiveCfg = Debug|Any CPU
		{7C65FDFC-FD7C-44DF-9677-8F6C11F95BFC}.Debug|Any CPU.Build.0 = Debug|Any CPU
		{7C65FDFC-FD7C-44DF-9677-8F6C11F95BFC}.Release|Any CPU.ActiveCfg = Release|Any CPU
		{7C65FDFC-FD7C-44DF-9677-8F6C11F95BFC}.Release|Any CPU.Build.0 = Release|Any CPU
		{15B16340-F9BB-4367-AF5D-7B99B3C8F9E6}.Debug|Any CPU.ActiveCfg = Debug|Any CPU
		{15B16340-F9BB-4367-AF5D-7B99B3C8F9E6}.Debug|Any CPU.Build.0 = Debug|Any CPU
		{15B16340-F9BB-4367-AF5D-7B99B3C8F9E6}.Release|Any CPU.ActiveCfg = Release|Any CPU
		{15B16340-F9BB-4367-AF5D-7B99B3C8F9E6}.Release|Any CPU.Build.0 = Release|Any CPU
		{8581DA3A-BFDE-448D-BE56-2165D4625D5D}.Debug|Any CPU.ActiveCfg = Debug|Any CPU
		{8581DA3A-BFDE-448D-BE56-2165D4625D5D}.Debug|Any CPU.Build.0 = Debug|Any CPU
		{8581DA3A-BFDE-448D-BE56-2165D4625D5D}.Release|Any CPU.ActiveCfg = Release|Any CPU
		{8581DA3A-BFDE-448D-BE56-2165D4625D5D}.Release|Any CPU.Build.0 = Release|Any CPU
		{56C1B715-C5E5-4866-881C-31606C2CE944}.Debug|Any CPU.ActiveCfg = Debug|Any CPU
		{56C1B715-C5E5-4866-881C-31606C2CE944}.Debug|Any CPU.Build.0 = Debug|Any CPU
		{56C1B715-C5E5-4866-881C-31606C2CE944}.Release|Any CPU.ActiveCfg = Release|Any CPU
		{56C1B715-C5E5-4866-881C-31606C2CE944}.Release|Any CPU.Build.0 = Release|Any CPU
		{5B13E33C-A8E2-4D89-BC40-77D60A419177}.Debug|Any CPU.ActiveCfg = Debug|Any CPU
		{5B13E33C-A8E2-4D89-BC40-77D60A419177}.Debug|Any CPU.Build.0 = Debug|Any CPU
		{5B13E33C-A8E2-4D89-BC40-77D60A419177}.Release|Any CPU.ActiveCfg = Release|Any CPU
		{5B13E33C-A8E2-4D89-BC40-77D60A419177}.Release|Any CPU.Build.0 = Release|Any CPU
		{E205B985-9509-4F8D-8274-53303C87EDE8}.Debug|Any CPU.ActiveCfg = Debug|Any CPU
		{E205B985-9509-4F8D-8274-53303C87EDE8}.Debug|Any CPU.Build.0 = Debug|Any CPU
		{E205B985-9509-4F8D-8274-53303C87EDE8}.Release|Any CPU.ActiveCfg = Release|Any CPU
		{E205B985-9509-4F8D-8274-53303C87EDE8}.Release|Any CPU.Build.0 = Release|Any CPU
		{543C5FCB-8A15-4330-8970-440724C7759D}.Debug|Any CPU.ActiveCfg = Debug|Any CPU
		{543C5FCB-8A15-4330-8970-440724C7759D}.Debug|Any CPU.Build.0 = Debug|Any CPU
		{543C5FCB-8A15-4330-8970-440724C7759D}.Release|Any CPU.ActiveCfg = Release|Any CPU
		{543C5FCB-8A15-4330-8970-440724C7759D}.Release|Any CPU.Build.0 = Release|Any CPU
		{82AACECD-E74A-4CAE-9B93-5F4FC8EF4FF8}.Debug|Any CPU.ActiveCfg = Debug|Any CPU
		{82AACECD-E74A-4CAE-9B93-5F4FC8EF4FF8}.Debug|Any CPU.Build.0 = Debug|Any CPU
		{82AACECD-E74A-4CAE-9B93-5F4FC8EF4FF8}.Release|Any CPU.ActiveCfg = Release|Any CPU
		{82AACECD-E74A-4CAE-9B93-5F4FC8EF4FF8}.Release|Any CPU.Build.0 = Release|Any CPU
	EndGlobalSection
	GlobalSection(SolutionProperties) = preSolution
		HideSolutionNode = FALSE
	EndGlobalSection
	GlobalSection(ExtensibilityGlobals) = postSolution
		SolutionGuid = {9926D047-20EA-4B9E-BE08-0B313B2CD52E}
	EndGlobalSection
EndGlobal
