
Microsoft Visual Studio Solution File, Format Version 12.00
# Visual Studio Version 17
VisualStudioVersion = 17.2.32505.173
MinimumVisualStudioVersion = 10.0.40219.1
Project("{9A19103F-16F7-4668-BE54-9A1E7A4F7556}") = "HelloWorld", "HelloWorld\HelloWorld.csproj", "{66BFB152-0C35-4DD5-8477-1604AFF15411}"
EndProject
Project("{FAE04EC0-301F-11D3-BF4B-00C04F79EFBC}") = "AbsoluteValue", "AbsoluteValue\AbsoluteValue.csproj", "{2627AE51-59E3-4FB6-BB2B-C5A320BB4601}"
EndProject
Global
	GlobalSection(SolutionConfigurationPlatforms) = preSolution
		Debug|Any CPU = Debug|Any CPU
		Release|Any CPU = Release|Any CPU
	EndGlobalSection
	GlobalSection(ProjectConfigurationPlatforms) = postSolution
		{66BFB152-0C35-4DD5-8477-1604AFF15411}.Debug|Any CPU.ActiveCfg = Debug|Any CPU
		{66BFB152-0C35-4DD5-8477-1604AFF15411}.Debug|Any CPU.Build.0 = Debug|Any CPU
		{66BFB152-0C35-4DD5-8477-1604AFF15411}.Release|Any CPU.ActiveCfg = Release|Any CPU
		{66BFB152-0C35-4DD5-8477-1604AFF15411}.Release|Any CPU.Build.0 = Release|Any CPU
		{2627AE51-59E3-4FB6-BB2B-C5A320BB4601}.Debug|Any CPU.ActiveCfg = Debug|Any CPU
		{2627AE51-59E3-4FB6-BB2B-C5A320BB4601}.Debug|Any CPU.Build.0 = Debug|Any CPU
		{2627AE51-59E3-4FB6-BB2B-C5A320BB4601}.Release|Any CPU.ActiveCfg = Release|Any CPU
		{2627AE51-59E3-4FB6-BB2B-C5A320BB4601}.Release|Any CPU.Build.0 = Release|Any CPU
	EndGlobalSection
	GlobalSection(SolutionProperties) = preSolution
		HideSolutionNode = FALSE
	EndGlobalSection
	GlobalSection(ExtensibilityGlobals) = postSolution
		SolutionGuid = {9926D047-20EA-4B9E-BE08-0B313B2CD52E}
	EndGlobalSection
EndGlobal
